
Microsoft Visual Studio Solution File, Format Version 12.00
# Visual Studio Version 17
VisualStudioVersion = 17.0.31903.59
MinimumVisualStudioVersion = 10.0.40219.1
Project("{2150E333-8FDC-42A3-9474-1A3956D46DE8}") = "src", "src", "{FD05E4E1-83A9-45F8-8A71-A5902E808357}"
EndProject
Project("{FAE04EC0-301F-11D3-BF4B-00C04F79EFBC}") = "SkyrimGlowingMeshPatcher.App", "src\SkyrimGlowingMeshPatcher.App\SkyrimGlowingMeshPatcher.App.csproj", "{8D48F158-D0A4-4E16-8CEF-8E9052EFD324}"
EndProject
Project("{FAE04EC0-301F-11D3-BF4B-00C04F79EFBC}") = "SkyrimGlowingMeshPatcher.Core", "src\SkyrimGlowingMeshPatcher.Core\SkyrimGlowingMeshPatcher.Core.csproj", "{52ABB567-0545-4ED3-BCE5-8E4CD25B2950}"
EndProject
Project("{FAE04EC0-301F-11D3-BF4B-00C04F79EFBC}") = "SkyrimGlowingMeshPatcher.NiflyAdapter", "src\SkyrimGlowingMeshPatcher.NiflyAdapter\SkyrimGlowingMeshPatcher.NiflyAdapter.csproj", "{583DC2CD-8E78-4284-9E7F-F898DDBE4DC7}"
EndProject
Project("{2150E333-8FDC-42A3-9474-1A3956D46DE8}") = "tests", "tests", "{BDD8028B-397C-475A-97D7-7DA039A050EE}"
EndProject
Project("{FAE04EC0-301F-11D3-BF4B-00C04F79EFBC}") = "SkyrimGlowingMeshPatcher.Tests", "tests\SkyrimGlowingMeshPatcher.Tests\SkyrimGlowingMeshPatcher.Tests.csproj", "{FBE3EE45-FD8B-44BA-9BD8-161E00C8F563}"
EndProject
Global
	GlobalSection(SolutionConfigurationPlatforms) = preSolution
		Debug|Any CPU = Debug|Any CPU
		Release|Any CPU = Release|Any CPU
	EndGlobalSection
	GlobalSection(SolutionProperties) = preSolution
		HideSolutionNode = FALSE
	EndGlobalSection
	GlobalSection(ProjectConfigurationPlatforms) = postSolution
		{8D48F158-D0A4-4E16-8CEF-8E9052EFD324}.Debug|Any CPU.ActiveCfg = Debug|Any CPU
		{8D48F158-D0A4-4E16-8CEF-8E9052EFD324}.Debug|Any CPU.Build.0 = Debug|Any CPU
		{8D48F158-D0A4-4E16-8CEF-8E9052EFD324}.Release|Any CPU.ActiveCfg = Release|Any CPU
		{8D48F158-D0A4-4E16-8CEF-8E9052EFD324}.Release|Any CPU.Build.0 = Release|Any CPU
		{52ABB567-0545-4ED3-BCE5-8E4CD25B2950}.Debug|Any CPU.ActiveCfg = Debug|Any CPU
		{52ABB567-0545-4ED3-BCE5-8E4CD25B2950}.Debug|Any CPU.Build.0 = Debug|Any CPU
		{52ABB567-0545-4ED3-BCE5-8E4CD25B2950}.Release|Any CPU.ActiveCfg = Release|Any CPU
		{52ABB567-0545-4ED3-BCE5-8E4CD25B2950}.Release|Any CPU.Build.0 = Release|Any CPU
		{583DC2CD-8E78-4284-9E7F-F898DDBE4DC7}.Debug|Any CPU.ActiveCfg = Debug|Any CPU
		{583DC2CD-8E78-4284-9E7F-F898DDBE4DC7}.Debug|Any CPU.Build.0 = Debug|Any CPU
		{583DC2CD-8E78-4284-9E7F-F898DDBE4DC7}.Release|Any CPU.ActiveCfg = Release|Any CPU
		{583DC2CD-8E78-4284-9E7F-F898DDBE4DC7}.Release|Any CPU.Build.0 = Release|Any CPU
		{FBE3EE45-FD8B-44BA-9BD8-161E00C8F563}.Debug|Any CPU.ActiveCfg = Debug|Any CPU
		{FBE3EE45-FD8B-44BA-9BD8-161E00C8F563}.Debug|Any CPU.Build.0 = Debug|Any CPU
		{FBE3EE45-FD8B-44BA-9BD8-161E00C8F563}.Release|Any CPU.ActiveCfg = Release|Any CPU
		{FBE3EE45-FD8B-44BA-9BD8-161E00C8F563}.Release|Any CPU.Build.0 = Release|Any CPU
	EndGlobalSection
	GlobalSection(NestedProjects) = preSolution
		{8D48F158-D0A4-4E16-8CEF-8E9052EFD324} = {FD05E4E1-83A9-45F8-8A71-A5902E808357}
		{52ABB567-0545-4ED3-BCE5-8E4CD25B2950} = {FD05E4E1-83A9-45F8-8A71-A5902E808357}
		{583DC2CD-8E78-4284-9E7F-F898DDBE4DC7} = {FD05E4E1-83A9-45F8-8A71-A5902E808357}
		{FBE3EE45-FD8B-44BA-9BD8-161E00C8F563} = {BDD8028B-397C-475A-97D7-7DA039A050EE}
	EndGlobalSection
EndGlobal
